
Microsoft Visual Studio Solution File, Format Version 12.00
# Visual Studio Version 16
VisualStudioVersion = 16.0.30204.135
MinimumVisualStudioVersion = 10.0.40219.1
Project("{FAE04EC0-301F-11D3-BF4B-00C04F79EFBC}") = "A24 Stroka", "A24 Stroka\A24 Stroka.csproj", "{477CFC25-57DA-4BD9-B477-EB62F21D25C5}"
EndProject
Global
	GlobalSection(SolutionConfigurationPlatforms) = preSolution
		Debug|Any CPU = Debug|Any CPU
		Release|Any CPU = Release|Any CPU
	EndGlobalSection
	GlobalSection(ProjectConfigurationPlatforms) = postSolution
		{477CFC25-57DA-4BD9-B477-EB62F21D25C5}.Debug|Any CPU.ActiveCfg = Debug|Any CPU
		{477CFC25-57DA-4BD9-B477-EB62F21D25C5}.Debug|Any CPU.Build.0 = Debug|Any CPU
		{477CFC25-57DA-4BD9-B477-EB62F21D25C5}.Release|Any CPU.ActiveCfg = Release|Any CPU
		{477CFC25-57DA-4BD9-B477-EB62F21D25C5}.Release|Any CPU.Build.0 = Release|Any CPU
	EndGlobalSection
	GlobalSection(SolutionProperties) = preSolution
		HideSolutionNode = FALSE
	EndGlobalSection
	GlobalSection(ExtensibilityGlobals) = postSolution
		SolutionGuid = {9C598518-7F45-48F6-A873-2E39AA5A97E2}
	EndGlobalSection
EndGlobal
